Microsoft Visual Studio Solution File, Format Version 12.00
# Visual Studio Version 17
VisualStudioVersion = 17.3.32519.111
MinimumVisualStudioVersion = 10.0.40219.1
Project("{9A19103F-16F7-4668-BE54-9A1E7A4F7556}") = "Perceptron", "ch02\Perceptron\Perceptron.csproj", "{5908559C-A5BC-415C-A125-E9EDCCC29DB0}"
EndProject
Project("{9A19103F-16F7-4668-BE54-9A1E7A4F7556}") = "ActivationFunctionSoftmax", "ch03\ActivationFunctionSoftmax\ActivationFunctionSoftmax.csproj", "{F7ACE4E9-C9B3-4D27-ADEC-7E75240B8B2B}"
EndProject
Project("{9A19103F-16F7-4668-BE54-9A1E7A4F7556}") = "NeuralNetwork", "ch03\NeuralNetwork\NeuralNetwork.csproj", "{6382EE3D-53DF-4B24-9175-19150526EA0D}"
EndProject
Project("{9A19103F-16F7-4668-BE54-9A1E7A4F7556}") = "Mnist", "ch03\Mnist\Mnist.csproj", "{FD584694-6742-40A5-AA6D-02AB738ED62C}"
EndProject
Project("{9A19103F-16F7-4668-BE54-9A1E7A4F7556}") = "LossFunction", "ch04\LossFunction\LossFunction.csproj", "{CF49EB8E-9567-4030-85C3-F24E147E56A9}"
EndProject
Project("{2150E333-8FDC-42A3-9474-1A3956D46DE8}") = "ch02", "ch02", "{DD5BF963-3B3C-445D-A8AE-5FDF9B59AD6A}"
EndProject
Project("{2150E333-8FDC-42A3-9474-1A3956D46DE8}") = "ch03", "ch03", "{F338B9B8-7FBE-4DDE-833C-EBB8C184C6C6}"
EndProject
Project("{2150E333-8FDC-42A3-9474-1A3956D46DE8}") = "ch04", "ch04", "{388EE30F-2957-4BBB-8773-2E3D25158FA1}"
EndProject
Project("{9A19103F-16F7-4668-BE54-9A1E7A4F7556}") = "NumericalGradient", "ch04\NumericalGradient\NumericalGradient.csproj", "{44D134FB-2D07-47E0-97E7-B292B389BF72}"
EndProject
Project("{9A19103F-16F7-4668-BE54-9A1E7A4F7556}") = "GradientDescent", "ch04\GradientDescent\GradientDescent.csproj", "{6BC5AA42-80FC-4DA0-BA56-029AD58BB112}"
EndProject
Project("{9A19103F-16F7-4668-BE54-9A1E7A4F7556}") = "GradientSimpleNet", "ch04\GradientSimpleNet\GradientSimpleNet.csproj", "{DB1CF6A5-4729-46DE-89E1-57F5E0662C04}"
EndProject
Project("{9A19103F-16F7-4668-BE54-9A1E7A4F7556}") = "TwoLayerNet", "ch04\TwoLayerNet\TwoLayerNet.csproj", "{5CE4F604-A20A-4632-B620-D4B5D4314ADD}"
EndProject
Project("{2150E333-8FDC-42A3-9474-1A3956D46DE8}") = "ch05", "ch05", "{D85253C2-B950-41C0-ACDF-4CEAB2C8269E}"
EndProject
Project("{9A19103F-16F7-4668-BE54-9A1E7A4F7556}") = "LayerNaive", "ch05\LayerNaive\LayerNaive.csproj", "{CEAB9402-BA48-4CD1-8BD3-3D3B3E0E45A7}"
EndProject
Project("{9A19103F-16F7-4668-BE54-9A1E7A4F7556}") = "BuyApple", "ch05\BuyApple\BuyApple.csproj", "{47769E27-9F2C-44EF-A0E6-BF7FDE349FC6}"
EndProject
Project("{9A19103F-16F7-4668-BE54-9A1E7A4F7556}") = "BuyAppleOrange", "ch05\BuyAppleOrange\BuyAppleOrange.csproj", "{7571E1F8-1EF5-4773-B8D5-E15B060962D6}"
EndProject
Project("{2150E333-8FDC-42A3-9474-1A3956D46DE8}") = "common", "common", "{3D70E3FC-0FBE-4970-8D05-C49E90DC5017}"
EndProject
Project("{9A19103F-16F7-4668-BE54-9A1E7A4F7556}") = "Layers", "common\Layers\Layers.csproj", "{A7EE09B4-65A8-4C6D-BDA8-38013A32A5CB}"
EndProject
Project("{FAE04EC0-301F-11D3-BF4B-00C04F79EFBC}") = "TwoLayerNet", "ch05\TwoLayerNet\TwoLayerNet.csproj", "{E2D654A3-BCFA-4CD2-B32D-5A84B7EAB72C}"
EndProject
Global
	GlobalSection(SolutionConfigurationPlatforms) = preSolution
		Debug|Any CPU = Debug|Any CPU
		Release|Any CPU = Release|Any CPU
	EndGlobalSection
	GlobalSection(ProjectConfigurationPlatforms) = postSolution
		{5908559C-A5BC-415C-A125-E9EDCCC29DB0}.Debug|Any CPU.ActiveCfg = Debug|Any CPU
		{5908559C-A5BC-415C-A125-E9EDCCC29DB0}.Debug|Any CPU.Build.0 = Debug|Any CPU
		{5908559C-A5BC-415C-A125-E9EDCCC29DB0}.Release|Any CPU.ActiveCfg = Release|Any CPU
		{5908559C-A5BC-415C-A125-E9EDCCC29DB0}.Release|Any CPU.Build.0 = Release|Any CPU
		{F7ACE4E9-C9B3-4D27-ADEC-7E75240B8B2B}.Debug|Any CPU.ActiveCfg = Debug|Any CPU
		{F7ACE4E9-C9B3-4D27-ADEC-7E75240B8B2B}.Debug|Any CPU.Build.0 = Debug|Any CPU
		{F7ACE4E9-C9B3-4D27-ADEC-7E75240B8B2B}.Release|Any CPU.ActiveCfg = Release|Any CPU
		{F7ACE4E9-C9B3-4D27-ADEC-7E75240B8B2B}.Release|Any CPU.Build.0 = Release|Any CPU
		{6382EE3D-53DF-4B24-9175-19150526EA0D}.Debug|Any CPU.ActiveCfg = Debug|Any CPU
		{6382EE3D-53DF-4B24-9175-19150526EA0D}.Debug|Any CPU.Build.0 = Debug|Any CPU
		{6382EE3D-53DF-4B24-9175-19150526EA0D}.Release|Any CPU.ActiveCfg = Release|Any CPU
		{6382EE3D-53DF-4B24-9175-19150526EA0D}.Release|Any CPU.Build.0 = Release|Any CPU
		{FD584694-6742-40A5-AA6D-02AB738ED62C}.Debug|Any CPU.ActiveCfg = Debug|Any CPU
		{FD584694-6742-40A5-AA6D-02AB738ED62C}.Debug|Any CPU.Build.0 = Debug|Any CPU
		{FD584694-6742-40A5-AA6D-02AB738ED62C}.Release|Any CPU.ActiveCfg = Release|Any CPU
		{FD584694-6742-40A5-AA6D-02AB738ED62C}.Release|Any CPU.Build.0 = Release|Any CPU
		{CF49EB8E-9567-4030-85C3-F24E147E56A9}.Debug|Any CPU.ActiveCfg = Debug|Any CPU
		{CF49EB8E-9567-4030-85C3-F24E147E56A9}.Debug|Any CPU.Build.0 = Debug|Any CPU
		{CF49EB8E-9567-4030-85C3-F24E147E56A9}.Release|Any CPU.ActiveCfg = Release|Any CPU
		{CF49EB8E-9567-4030-85C3-F24E147E56A9}.Release|Any CPU.Build.0 = Release|Any CPU
		{44D134FB-2D07-47E0-97E7-B292B389BF72}.Debug|Any CPU.ActiveCfg = Debug|Any CPU
		{44D134FB-2D07-47E0-97E7-B292B389BF72}.Debug|Any CPU.Build.0 = Debug|Any CPU
		{44D134FB-2D07-47E0-97E7-B292B389BF72}.Release|Any CPU.ActiveCfg = Release|Any CPU
		{44D134FB-2D07-47E0-97E7-B292B389BF72}.Release|Any CPU.Build.0 = Release|Any CPU
		{6BC5AA42-80FC-4DA0-BA56-029AD58BB112}.Debug|Any CPU.ActiveCfg = Debug|Any CPU
		{6BC5AA42-80FC-4DA0-BA56-029AD58BB112}.Debug|Any CPU.Build.0 = Debug|Any CPU
		{6BC5AA42-80FC-4DA0-BA56-029AD58BB112}.Release|Any CPU.ActiveCfg = Release|Any CPU
		{6BC5AA42-80FC-4DA0-BA56-029AD58BB112}.Release|Any CPU.Build.0 = Release|Any CPU
		{DB1CF6A5-4729-46DE-89E1-57F5E0662C04}.Debug|Any CPU.ActiveCfg = Debug|Any CPU
		{DB1CF6A5-4729-46DE-89E1-57F5E0662C04}.Debug|Any CPU.Build.0 = Debug|Any CPU
		{DB1CF6A5-4729-46DE-89E1-57F5E0662C04}.Release|Any CPU.ActiveCfg = Release|Any CPU
		{DB1CF6A5-4729-46DE-89E1-57F5E0662C04}.Release|Any CPU.Build.0 = Release|Any CPU
		{5CE4F604-A20A-4632-B620-D4B5D4314ADD}.Debug|Any CPU.ActiveCfg = Debug|Any CPU
		{5CE4F604-A20A-4632-B620-D4B5D4314ADD}.Debug|Any CPU.Build.0 = Debug|Any CPU
		{5CE4F604-A20A-4632-B620-D4B5D4314ADD}.Release|Any CPU.ActiveCfg = Release|Any CPU
		{5CE4F604-A20A-4632-B620-D4B5D4314ADD}.Release|Any CPU.Build.0 = Release|Any CPU
		{CEAB9402-BA48-4CD1-8BD3-3D3B3E0E45A7}.Debug|Any CPU.ActiveCfg = Debug|Any CPU
		{CEAB9402-BA48-4CD1-8BD3-3D3B3E0E45A7}.Debug|Any CPU.Build.0 = Debug|Any CPU
		{CEAB9402-BA48-4CD1-8BD3-3D3B3E0E45A7}.Release|Any CPU.ActiveCfg = Release|Any CPU
		{CEAB9402-BA48-4CD1-8BD3-3D3B3E0E45A7}.Release|Any CPU.Build.0 = Release|Any CPU
		{47769E27-9F2C-44EF-A0E6-BF7FDE349FC6}.Debug|Any CPU.ActiveCfg = Debug|Any CPU
		{47769E27-9F2C-44EF-A0E6-BF7FDE349FC6}.Debug|Any CPU.Build.0 = Debug|Any CPU
		{47769E27-9F2C-44EF-A0E6-BF7FDE349FC6}.Release|Any CPU.ActiveCfg = Release|Any CPU
		{47769E27-9F2C-44EF-A0E6-BF7FDE349FC6}.Release|Any CPU.Build.0 = Release|Any CPU
		{7571E1F8-1EF5-4773-B8D5-E15B060962D6}.Debug|Any CPU.ActiveCfg = Debug|Any CPU
		{7571E1F8-1EF5-4773-B8D5-E15B060962D6}.Debug|Any CPU.Build.0 = Debug|Any CPU
		{7571E1F8-1EF5-4773-B8D5-E15B060962D6}.Release|Any CPU.ActiveCfg = Release|Any CPU
		{7571E1F8-1EF5-4773-B8D5-E15B060962D6}.Release|Any CPU.Build.0 = Release|Any CPU
		{A7EE09B4-65A8-4C6D-BDA8-38013A32A5CB}.Debug|Any CPU.ActiveCfg = Debug|Any CPU
		{A7EE09B4-65A8-4C6D-BDA8-38013A32A5CB}.Debug|Any CPU.Build.0 = Debug|Any CPU
		{A7EE09B4-65A8-4C6D-BDA8-38013A32A5CB}.Release|Any CPU.ActiveCfg = Release|Any CPU
		{A7EE09B4-65A8-4C6D-BDA8-38013A32A5CB}.Release|Any CPU.Build.0 = Release|Any CPU
		{E2D654A3-BCFA-4CD2-B32D-5A84B7EAB72C}.Debug|Any CPU.ActiveCfg = Debug|Any CPU
		{E2D654A3-BCFA-4CD2-B32D-5A84B7EAB72C}.Debug|Any CPU.Build.0 = Debug|Any CPU
		{E2D654A3-BCFA-4CD2-B32D-5A84B7EAB72C}.Release|Any CPU.ActiveCfg = Release|Any CPU
		{E2D654A3-BCFA-4CD2-B32D-5A84B7EAB72C}.Release|Any CPU.Build.0 = Release|Any CPU
	EndGlobalSection
	GlobalSection(SolutionProperties) = preSolution
		HideSolutionNode = FALSE
	EndGlobalSection
	GlobalSection(NestedProjects) = preSolution
		{5908559C-A5BC-415C-A125-E9EDCCC29DB0} = {DD5BF963-3B3C-445D-A8AE-5FDF9B59AD6A}
		{F7ACE4E9-C9B3-4D27-ADEC-7E75240B8B2B} = {F338B9B8-7FBE-4DDE-833C-EBB8C184C6C6}
		{6382EE3D-53DF-4B24-9175-19150526EA0D} = {F338B9B8-7FBE-4DDE-833C-EBB8C184C6C6}
		{FD584694-6742-40A5-AA6D-02AB738ED62C} = {F338B9B8-7FBE-4DDE-833C-EBB8C184C6C6}
		{CF49EB8E-9567-4030-85C3-F24E147E56A9} = {388EE30F-2957-4BBB-8773-2E3D25158FA1}
		{44D134FB-2D07-47E0-97E7-B292B389BF72} = {388EE30F-2957-4BBB-8773-2E3D25158FA1}
		{6BC5AA42-80FC-4DA0-BA56-029AD58BB112} = {388EE30F-2957-4BBB-8773-2E3D25158FA1}
		{DB1CF6A5-4729-46DE-89E1-57F5E0662C04} = {388EE30F-2957-4BBB-8773-2E3D25158FA1}
		{5CE4F604-A20A-4632-B620-D4B5D4314ADD} = {388EE30F-2957-4BBB-8773-2E3D25158FA1}
		{CEAB9402-BA48-4CD1-8BD3-3D3B3E0E45A7} = {D85253C2-B950-41C0-ACDF-4CEAB2C8269E}
		{47769E27-9F2C-44EF-A0E6-BF7FDE349FC6} = {D85253C2-B950-41C0-ACDF-4CEAB2C8269E}
		{7571E1F8-1EF5-4773-B8D5-E15B060962D6} = {D85253C2-B950-41C0-ACDF-4CEAB2C8269E}
		{A7EE09B4-65A8-4C6D-BDA8-38013A32A5CB} = {3D70E3FC-0FBE-4970-8D05-C49E90DC5017}
		{E2D654A3-BCFA-4CD2-B32D-5A84B7EAB72C} = {D85253C2-B950-41C0-ACDF-4CEAB2C8269E}
	EndGlobalSection
	GlobalSection(ExtensibilityGlobals) = postSolution
		SolutionGuid = {44F1AF85-342B-4861-83A5-DDA9EEEE11FF}
	EndGlobalSection
EndGlobal
